# THIS IS AN AUTOGENERATED FILE. DO NOT EDIT THIS FILE DIRECTLY.
# yarn lockfile v1


"@formatjs/intl-relativetimeformat@^4.2.1":
  version "4.2.1"
  resolved "https://registry.yarnpkg.com/@formatjs/intl-relativetimeformat/-/intl-relativetimeformat-4.2.1.tgz#bee6ffb2227dfde001d7214deb8ab6c2bde4077b"
  integrity sha512-NIrK1jgDStuR9DEoJV8Iju6cj1Ffa7qr8qJ46nQGGH6c/222rZSdlEqd0qoX7AFMRpu2Br8OrSwNLX4IUo0nuw==
  dependencies:
    "@formatjs/intl-utils" "^1.4.0"

"@formatjs/intl-unified-numberformat@^2.1.0":
  version "2.1.0"
  resolved "https://registry.yarnpkg.com/@formatjs/intl-unified-numberformat/-/intl-unified-numberformat-2.1.0.tgz#0b8ef3bc3ebbafb40a65f09606a3fc414f1a392a"
  integrity sha512-0zL5DKRe4KiaupyiwT8ckTmE1aPlb2fsR0deMGN4QVlkdCxsCDMrLykrLyrhBa9fthTDaGR4Qh+bALk/sa4Vcg==
  dependencies:
    "@formatjs/intl-utils" "^1.4.0"

"@formatjs/intl-utils@^1.4.0":
  version "1.4.0"
  resolved "https://registry.yarnpkg.com/@formatjs/intl-utils/-/intl-utils-1.4.0.tgz#b59fdf78bbae9f99c500a298bf73b1945f5991f1"
  integrity sha512-z5HyJumGzORM+5SpvkAlp/hu0AHDeZcUNKSmj9NjS7kWxOGZMuAdS3X1K5XiE0j5I8r8s8SIaz0IQOdMA1WFeA==

"@types/hoist-non-react-statics@^3.3.1":
  version "3.3.1"
  resolved "https://registry.yarnpkg.com/@types/hoist-non-react-statics/-/hoist-non-react-statics-3.3.1.tgz#1124aafe5118cb591977aeb1ceaaed1070eb039f"
  integrity sha512-iMIqiko6ooLrTh1joXodJK5X9xeEALT1kM5G3ZLhD3hszxBdIEd5C75U834D9mLcINgD4OyZf5uQXjkuYydWvA==
  dependencies:
    "@types/react" "*"
    hoist-non-react-statics "^3.3.0"

"@types/invariant@^2.2.30":
  version "2.2.30"
  resolved "https://registry.yarnpkg.com/@types/invariant/-/invariant-2.2.30.tgz#20efa342807606ada5483731a8137cb1561e5fe9"
  integrity sha512-98fB+yo7imSD2F7PF7GIpELNgtLNgo5wjivu0W5V4jx+KVVJxo6p/qN4zdzSTBWy4/sN3pPyXwnhRSD28QX+ag==

"@types/prop-types@*":
  version "15.7.3"
  resolved "https://registry.yarnpkg.com/@types/prop-types/-/prop-types-15.7.3.tgz#2ab0d5da2e5815f94b0b9d4b95d1e5f243ab2ca7"
  integrity sha512-KfRL3PuHmqQLOG+2tGpRO26Ctg+Cq1E01D2DMriKEATHgWLfeNDmq9e29Q9WIky0dQ3NPkd1mzYH8Lm936Z9qw==

"@types/react-intl@^3.0.0":
  version "3.0.0"
  resolved "https://registry.yarnpkg.com/@types/react-intl/-/react-intl-3.0.0.tgz#a2cce0024b6cfe403be28ccf67f49d720fa810ec"
  integrity sha512-k8F3d05XQGEqSWIfK97bBjZe4z9RruXU9Wa7OZ2iUC5pdeIpzuQDZe/9C2J3Xir5//ZtAkhcv08Wfx3n5TBTQg==
  dependencies:
    react-intl "*"

"@types/react@*":
  version "16.9.11"
  resolved "https://registry.yarnpkg.com/@types/react/-/react-16.9.11.tgz#70e0b7ad79058a7842f25ccf2999807076ada120"
  integrity sha512-UBT4GZ3PokTXSWmdgC/GeCGEJXE5ofWyibCcecRLUVN2ZBpXQGVgQGtG2foS7CrTKFKlQVVswLvf7Js6XA/CVQ==
  dependencies:
    "@types/prop-types" "*"
    csstype "^2.2.0"

csstype@^2.2.0:
  version "2.6.7"
  resolved "https://registry.yarnpkg.com/csstype/-/csstype-2.6.7.tgz#20b0024c20b6718f4eda3853a1f5a1cce7f5e4a5"
  integrity sha512-9Mcn9sFbGBAdmimWb2gLVDtFJzeKtDGIr76TUqmjZrw9LFXBMSU70lcs+C0/7fyCd6iBDqmksUcCOUIkisPHsQ==

hoist-non-react-statics@^3.3.0:
  version "3.3.0"
  resolved "https://registry.yarnpkg.com/hoist-non-react-statics/-/hoist-non-react-statics-3.3.0.tgz#b09178f0122184fb95acf525daaecb4d8f45958b"
  integrity sha512-0XsbTXxgiaCDYDIWFcwkmerZPSwywfUqYmwT4jzewKTQSWoE6FCMoUVOeBJWK3E/CrWbxRG3m5GzY4lnIwGRBA==
  dependencies:
    react-is "^16.7.0"

intl-format-cache@^4.2.3:
  version "4.2.3"
  resolved "https://registry.yarnpkg.com/intl-format-cache/-/intl-format-cache-4.2.3.tgz#3692184108b76401fb354133297f440982584f56"
  integrity sha512-9UMBxp/SduF9BESfuWaZqv61tT/s4RkD13MGmG/tmUHPdue201nU5R571stWSsOA87Z5gT4b1L4JzZXhO0IY+g==

intl-locales-supported@^1.6.0:
  version "1.6.0"
  resolved "https://registry.yarnpkg.com/intl-locales-supported/-/intl-locales-supported-1.6.0.tgz#6f66501ef23a58c87f242021cfadb1b012770808"
  integrity sha512-n8J5v2oBjaOu065/HXeDFU3huv76Ehwj6YovPI7IJ3DCf0EvvwL1lncRj/qobmlyDh0LumwxpU+pVhFR34xjEA==

intl-messageformat-parser@^3.2.2:
  version "3.2.2"
  resolved "https://registry.yarnpkg.com/intl-messageformat-parser/-/intl-messageformat-parser-3.2.2.tgz#28cacc80a53823a28b5ecaf16b3b35d0a1d5f9d2"
  integrity sha512-ax9639ST77YimAddTH/0Q9qhXuYS8ZVsoqOZinqnS90MbXaNuIq+KIdifaIndwI+lMEv3o+qNaGycXYvlh17rw==

intl-messageformat@^7.3.3:
  version "7.3.3"
  resolved "https://registry.yarnpkg.com/intl-messageformat/-/intl-messageformat-7.3.3.tgz#384907d51645d1120f8bbd539880c7b1d21616c3"
  integrity sha512-LfYzzoUYjDtdZDDmntOAEYkub816ZWpWFqv2pXXNv7Ea5WUUltljHOxwQXEly54rNk6whkn97rxfu3LPFRzmFw==
  dependencies:
    intl-format-cache "^4.2.3"
    intl-messageformat-parser "^3.2.2"

invariant@^2.1.1:
  version "2.2.4"
  resolved "https://registry.yarnpkg.com/invariant/-/invariant-2.2.4.tgz#610f3c92c9359ce1db616e538008d23ff35158e6"
  integrity sha512-phJfQVBuaJM5raOpJjSfkiD6BpbCE4Ns//LaXl6wGYtUBY83nWS6Rf9tXm2e8VaK60JEjYldbPif/A2B1C2gNA==
  dependencies:
    loose-envify "^1.0.0"

"js-tokens@^3.0.0 || ^4.0.0":
  version "4.0.0"
  resolved "https://registry.yarnpkg.com/js-tokens/-/js-tokens-4.0.0.tgz#19203fb59991df98e3a287050d4647cdeaf32499"
  integrity sha512-RdJUflcE3cUzKiMqQgsCu06FPu9UdIJO0beYbPhHN4k6apgJtifcoCtT9bcxOpYBtpD2kCM6Sbzg4CausW/PKQ==

loose-envify@^1.0.0:
  version "1.4.0"
  resolved "https://registry.yarnpkg.com/loose-envify/-/loose-envify-1.4.0.tgz#71ee51fa7be4caec1a63839f7e682d8132d30caf"
  integrity sha512-lyuxPGr/Wfhrlem2CL/UcnUc1zcqKAImBDzukY7Y5F/yQiNdko6+fRLevlw1HgMySw7f611UIY408EtxRSoK3Q==
  dependencies:
    js-tokens "^3.0.0 || ^4.0.0"

react-intl@*, react-intl@^3.4.0:
  version "3.4.0"
  resolved "https://registry.yarnpkg.com/react-intl/-/react-intl-3.4.0.tgz#25986ac75b3c0073c0a7bce31ab2cb1b8bbf421c"
  integrity sha512-pW+z0ngVtPzICQeBrvoxk/YOotjFjVMvqxf/q0hjfM4CLvzIWJW/7MQcOz8ujD0Agf146mYOUv0//a9JM4H6Tg==
  dependencies:
    "@formatjs/intl-relativetimeformat" "^4.2.1"
    "@formatjs/intl-unified-numberformat" "^2.1.0"
    "@types/hoist-non-react-statics" "^3.3.1"
    "@types/invariant" "^2.2.30"
    hoist-non-react-statics "^3.3.0"
    intl-format-cache "^4.2.3"
    intl-locales-supported "^1.6.0"
    intl-messageformat "^7.3.3"
    intl-messageformat-parser "^3.2.2"
    invariant "^2.1.1"
    shallow-equal "^1.1.0"

react-is@^16.7.0:
  version "16.11.0"
  resolved "https://registry.yarnpkg.com/react-is/-/react-is-16.11.0.tgz#b85dfecd48ad1ce469ff558a882ca8e8313928fa"
  integrity sha512-gbBVYR2p8mnriqAwWx9LbuUrShnAuSCNnuPGyc7GJrMVQtPDAh8iLpv7FRuMPFb56KkaVZIYSz1PrjI9q0QPCw==

shallow-equal@^1.1.0:
  version "1.2.0"
  resolved "https://registry.yarnpkg.com/shallow-equal/-/shallow-equal-1.2.0.tgz#fd828d2029ff4e19569db7e19e535e94e2d1f5cc"
  integrity sha512-Z21pVxR4cXsfwpMKMhCEIO1PCi5sp7KEp+CmOpBQ+E8GpHwKOw2sEzk7sgblM3d/j4z4gakoWEoPcjK0VJQogA==
